
Microsoft Visual Studio Solution File, Format Version 12.00
# Visual Studio 14
VisualStudioVersion = 14.0.25420.1
MinimumVisualStudioVersion = 10.0.40219.1
Project("{D2ABAB84-BF74-430A-B69E-9DC6D40DDA17}") = "SSAS_FinalBookings", "SSAS_FinalBookings.dwproj", "{961AC40C-F7BE-4B51-862B-466DE907FEB8}"
EndProject
Global
	GlobalSection(SolutionConfigurationPlatforms) = preSolution
		Development|Default = Development|Default
	EndGlobalSection
	GlobalSection(ProjectConfigurationPlatforms) = postSolution
		{961AC40C-F7BE-4B51-862B-466DE907FEB8}.Development|Default.ActiveCfg = Development
		{961AC40C-F7BE-4B51-862B-466DE907FEB8}.Development|Default.Build.0 = Development
		{961AC40C-F7BE-4B51-862B-466DE907FEB8}.Development|Default.Deploy.0 = Development
	EndGlobalSection
	GlobalSection(SolutionProperties) = preSolution
		HideSolutionNode = FALSE
	EndGlobalSection
EndGlobal
