
Microsoft Visual Studio Solution File, Format Version 12.00
# Visual Studio 14
VisualStudioVersion = 14.0.25420.1
MinimumVisualStudioVersion = 10.0.40219.1
Project("{FAE04EC0-301F-11D3-BF4B-00C04F79EFBC}") = "Bookings", "Bookings\Bookings.csproj", "{D1DADCB8-5CC2-401D-83EC-85B56BE8AEA2}"
EndProject
Project("{FAE04EC0-301F-11D3-BF4B-00C04F79EFBC}") = "BookingsModel", "BookingsModel\BookingsModel.csproj", "{FD14C992-A1CD-4165-BC39-AB330063E5ED}"
EndProject
Global
	GlobalSection(SolutionConfigurationPlatforms) = preSolution
		Debug|Any CPU = Debug|Any CPU
		Release|Any CPU = Release|Any CPU
	EndGlobalSection
	GlobalSection(ProjectConfigurationPlatforms) = postSolution
		{D1DADCB8-5CC2-401D-83EC-85B56BE8AEA2}.Debug|Any CPU.ActiveCfg = Debug|Any CPU
		{D1DADCB8-5CC2-401D-83EC-85B56BE8AEA2}.Debug|Any CPU.Build.0 = Debug|Any CPU
		{D1DADCB8-5CC2-401D-83EC-85B56BE8AEA2}.Release|Any CPU.ActiveCfg = Release|Any CPU
		{D1DADCB8-5CC2-401D-83EC-85B56BE8AEA2}.Release|Any CPU.Build.0 = Release|Any CPU
		{FD14C992-A1CD-4165-BC39-AB330063E5ED}.Debug|Any CPU.ActiveCfg = Debug|Any CPU
		{FD14C992-A1CD-4165-BC39-AB330063E5ED}.Debug|Any CPU.Build.0 = Debug|Any CPU
		{FD14C992-A1CD-4165-BC39-AB330063E5ED}.Release|Any CPU.ActiveCfg = Release|Any CPU
		{FD14C992-A1CD-4165-BC39-AB330063E5ED}.Release|Any CPU.Build.0 = Release|Any CPU
	EndGlobalSection
	GlobalSection(SolutionProperties) = preSolution
		HideSolutionNode = FALSE
	EndGlobalSection
EndGlobal
